
Microsoft Visual Studio Solution File, Format Version 12.00
# Visual Studio Version 17
VisualStudioVersion = 17.6.33829.357
MinimumVisualStudioVersion = 10.0.40219.1
Project("{2150E333-8FDC-42A3-9474-1A3956D46DE8}") = "TestApps", "TestApps", "{973384A3-FB4F-4656-94C2-6B1080B861C2}"
EndProject
Project("{FAE04EC0-301F-11D3-BF4B-00C04F79EFBC}") = "NTDLS.CatMQ.Client", "NTDLS.CatMQ.Client\NTDLS.CatMQ.Client.csproj", "{7D558990-B5E1-4C47-A85D-CFEC0094CA58}"
EndProject
Project("{FAE04EC0-301F-11D3-BF4B-00C04F79EFBC}") = "NTDLS.CatMQ.Server", "NTDLS.CatMQ.Server\NTDLS.CatMQ.Server.csproj", "{4F686185-AFA3-4786-AB7D-138F7EF5DC61}"
EndProject
Project("{FAE04EC0-301F-11D3-BF4B-00C04F79EFBC}") = "NTDLS.CatMQ.Shared", "NTDLS.CatMQ.Shared\NTDLS.CatMQ.Shared.csproj", "{D8413625-472E-4D35-9700-4AD10B372F80}"
EndProject
Project("{FAE04EC0-301F-11D3-BF4B-00C04F79EFBC}") = "CatMQ.Service", "CatMQ.Service\CatMQ.Service.csproj", "{47C0EE83-853C-43C9-BF7D-E3DF361EEB34}"
EndProject
Project("{2150E333-8FDC-42A3-9474-1A3956D46DE8}") = "Installers", "Installers", "{70EB204A-C50C-4834-8466-40DC2BD642AC}"
	ProjectSection(SolutionItems) = preProject
		Installers\Build and Compile Installers.bat = Installers\Build and Compile Installers.bat
		Installers\Linux installation instructions.md = Installers\Linux installation instructions.md
		Installers\Windows.Installer.iss = Installers\Windows.Installer.iss
	EndProjectSection
EndProject
Project("{FAE04EC0-301F-11D3-BF4B-00C04F79EFBC}") = "Test.QueueClient", "Test.QueueClient\Test.QueueClient.csproj", "{A832060A-46C0-4D6C-90AB-757A4DD738A0}"
EndProject
Project("{FAE04EC0-301F-11D3-BF4B-00C04F79EFBC}") = "Test.QueueServer", "Test.QueueServer\Test.QueueServer.csproj", "{D708D7C8-AF9B-4AE5-AFEB-FCA0409DB3AE}"
EndProject
Project("{FAE04EC0-301F-11D3-BF4B-00C04F79EFBC}") = "Test.Stress", "Test.Stress\Test.Stress.csproj", "{523820B7-4EFF-48C1-B3D7-E88831C2ECBB}"
EndProject
Project("{FAE04EC0-301F-11D3-BF4B-00C04F79EFBC}") = "CatMQ.Tests", "CatMQ.Tests\CatMQ.Tests.csproj", "{68C8C618-952B-B60D-7BF9-71F73447564A}"
EndProject
Global
	GlobalSection(SolutionConfigurationPlatforms) = preSolution
		Debug|Any CPU = Debug|Any CPU
		Debug|x64 = Debug|x64
		Debug|x86 = Debug|x86
		Release|Any CPU = Release|Any CPU
		Release|x64 = Release|x64
		Release|x86 = Release|x86
	EndGlobalSection
	GlobalSection(ProjectConfigurationPlatforms) = postSolution
		{7D558990-B5E1-4C47-A85D-CFEC0094CA58}.Debug|Any CPU.ActiveCfg = Debug|Any CPU
		{7D558990-B5E1-4C47-A85D-CFEC0094CA58}.Debug|Any CPU.Build.0 = Debug|Any CPU
		{7D558990-B5E1-4C47-A85D-CFEC0094CA58}.Debug|x64.ActiveCfg = Debug|Any CPU
		{7D558990-B5E1-4C47-A85D-CFEC0094CA58}.Debug|x64.Build.0 = Debug|Any CPU
		{7D558990-B5E1-4C47-A85D-CFEC0094CA58}.Debug|x86.ActiveCfg = Debug|Any CPU
		{7D558990-B5E1-4C47-A85D-CFEC0094CA58}.Debug|x86.Build.0 = Debug|Any CPU
		{7D558990-B5E1-4C47-A85D-CFEC0094CA58}.Release|Any CPU.ActiveCfg = Release|Any CPU
		{7D558990-B5E1-4C47-A85D-CFEC0094CA58}.Release|Any CPU.Build.0 = Release|Any CPU
		{7D558990-B5E1-4C47-A85D-CFEC0094CA58}.Release|x64.ActiveCfg = Release|Any CPU
		{7D558990-B5E1-4C47-A85D-CFEC0094CA58}.Release|x64.Build.0 = Release|Any CPU
		{7D558990-B5E1-4C47-A85D-CFEC0094CA58}.Release|x86.ActiveCfg = Release|Any CPU
		{7D558990-B5E1-4C47-A85D-CFEC0094CA58}.Release|x86.Build.0 = Release|Any CPU
		{4F686185-AFA3-4786-AB7D-138F7EF5DC61}.Debug|Any CPU.ActiveCfg = Debug|Any CPU
		{4F686185-AFA3-4786-AB7D-138F7EF5DC61}.Debug|Any CPU.Build.0 = Debug|Any CPU
		{4F686185-AFA3-4786-AB7D-138F7EF5DC61}.Debug|x64.ActiveCfg = Debug|Any CPU
		{4F686185-AFA3-4786-AB7D-138F7EF5DC61}.Debug|x64.Build.0 = Debug|Any CPU
		{4F686185-AFA3-4786-AB7D-138F7EF5DC61}.Debug|x86.ActiveCfg = Debug|Any CPU
		{4F686185-AFA3-4786-AB7D-138F7EF5DC61}.Debug|x86.Build.0 = Debug|Any CPU
		{4F686185-AFA3-4786-AB7D-138F7EF5DC61}.Release|Any CPU.ActiveCfg = Release|Any CPU
		{4F686185-AFA3-4786-AB7D-138F7EF5DC61}.Release|Any CPU.Build.0 = Release|Any CPU
		{4F686185-AFA3-4786-AB7D-138F7EF5DC61}.Release|x64.ActiveCfg = Release|Any CPU
		{4F686185-AFA3-4786-AB7D-138F7EF5DC61}.Release|x64.Build.0 = Release|Any CPU
		{4F686185-AFA3-4786-AB7D-138F7EF5DC61}.Release|x86.ActiveCfg = Release|Any CPU
		{4F686185-AFA3-4786-AB7D-138F7EF5DC61}.Release|x86.Build.0 = Release|Any CPU
		{D8413625-472E-4D35-9700-4AD10B372F80}.Debug|Any CPU.ActiveCfg = Debug|Any CPU
		{D8413625-472E-4D35-9700-4AD10B372F80}.Debug|Any CPU.Build.0 = Debug|Any CPU
		{D8413625-472E-4D35-9700-4AD10B372F80}.Debug|x64.ActiveCfg = Debug|Any CPU
		{D8413625-472E-4D35-9700-4AD10B372F80}.Debug|x64.Build.0 = Debug|Any CPU
		{D8413625-472E-4D35-9700-4AD10B372F80}.Debug|x86.ActiveCfg = Debug|Any CPU
		{D8413625-472E-4D35-9700-4AD10B372F80}.Debug|x86.Build.0 = Debug|Any CPU
		{D8413625-472E-4D35-9700-4AD10B372F80}.Release|Any CPU.ActiveCfg = Release|Any CPU
		{D8413625-472E-4D35-9700-4AD10B372F80}.Release|Any CPU.Build.0 = Release|Any CPU
		{D8413625-472E-4D35-9700-4AD10B372F80}.Release|x64.ActiveCfg = Release|Any CPU
		{D8413625-472E-4D35-9700-4AD10B372F80}.Release|x64.Build.0 = Release|Any CPU
		{D8413625-472E-4D35-9700-4AD10B372F80}.Release|x86.ActiveCfg = Release|Any CPU
		{D8413625-472E-4D35-9700-4AD10B372F80}.Release|x86.Build.0 = Release|Any CPU
		{47C0EE83-853C-43C9-BF7D-E3DF361EEB34}.Debug|Any CPU.ActiveCfg = Debug|Any CPU
		{47C0EE83-853C-43C9-BF7D-E3DF361EEB34}.Debug|Any CPU.Build.0 = Debug|Any CPU
		{47C0EE83-853C-43C9-BF7D-E3DF361EEB34}.Debug|x64.ActiveCfg = Debug|Any CPU
		{47C0EE83-853C-43C9-BF7D-E3DF361EEB34}.Debug|x64.Build.0 = Debug|Any CPU
		{47C0EE83-853C-43C9-BF7D-E3DF361EEB34}.Debug|x86.ActiveCfg = Debug|Any CPU
		{47C0EE83-853C-43C9-BF7D-E3DF361EEB34}.Debug|x86.Build.0 = Debug|Any CPU
		{47C0EE83-853C-43C9-BF7D-E3DF361EEB34}.Release|Any CPU.ActiveCfg = Release|Any CPU
		{47C0EE83-853C-43C9-BF7D-E3DF361EEB34}.Release|Any CPU.Build.0 = Release|Any CPU
		{47C0EE83-853C-43C9-BF7D-E3DF361EEB34}.Release|x64.ActiveCfg = Release|Any CPU
		{47C0EE83-853C-43C9-BF7D-E3DF361EEB34}.Release|x64.Build.0 = Release|Any CPU
		{47C0EE83-853C-43C9-BF7D-E3DF361EEB34}.Release|x86.ActiveCfg = Release|Any CPU
		{47C0EE83-853C-43C9-BF7D-E3DF361EEB34}.Release|x86.Build.0 = Release|Any CPU
		{A832060A-46C0-4D6C-90AB-757A4DD738A0}.Debug|Any CPU.ActiveCfg = Debug|Any CPU
		{A832060A-46C0-4D6C-90AB-757A4DD738A0}.Debug|Any CPU.Build.0 = Debug|Any CPU
		{A832060A-46C0-4D6C-90AB-757A4DD738A0}.Debug|x64.ActiveCfg = Debug|Any CPU
		{A832060A-46C0-4D6C-90AB-757A4DD738A0}.Debug|x64.Build.0 = Debug|Any CPU
		{A832060A-46C0-4D6C-90AB-757A4DD738A0}.Debug|x86.ActiveCfg = Debug|Any CPU
		{A832060A-46C0-4D6C-90AB-757A4DD738A0}.Debug|x86.Build.0 = Debug|Any CPU
		{A832060A-46C0-4D6C-90AB-757A4DD738A0}.Release|Any CPU.ActiveCfg = Release|Any CPU
		{A832060A-46C0-4D6C-90AB-757A4DD738A0}.Release|Any CPU.Build.0 = Release|Any CPU
		{A832060A-46C0-4D6C-90AB-757A4DD738A0}.Release|x64.ActiveCfg = Release|Any CPU
		{A832060A-46C0-4D6C-90AB-757A4DD738A0}.Release|x64.Build.0 = Release|Any CPU
		{A832060A-46C0-4D6C-90AB-757A4DD738A0}.Release|x86.ActiveCfg = Release|Any CPU
		{A832060A-46C0-4D6C-90AB-757A4DD738A0}.Release|x86.Build.0 = Release|Any CPU
		{D708D7C8-AF9B-4AE5-AFEB-FCA0409DB3AE}.Debug|Any CPU.ActiveCfg = Debug|Any CPU
		{D708D7C8-AF9B-4AE5-AFEB-FCA0409DB3AE}.Debug|Any CPU.Build.0 = Debug|Any CPU
		{D708D7C8-AF9B-4AE5-AFEB-FCA0409DB3AE}.Debug|x64.ActiveCfg = Debug|Any CPU
		{D708D7C8-AF9B-4AE5-AFEB-FCA0409DB3AE}.Debug|x64.Build.0 = Debug|Any CPU
		{D708D7C8-AF9B-4AE5-AFEB-FCA0409DB3AE}.Debug|x86.ActiveCfg = Debug|Any CPU
		{D708D7C8-AF9B-4AE5-AFEB-FCA0409DB3AE}.Debug|x86.Build.0 = Debug|Any CPU
		{D708D7C8-AF9B-4AE5-AFEB-FCA0409DB3AE}.Release|Any CPU.ActiveCfg = Release|Any CPU
		{D708D7C8-AF9B-4AE5-AFEB-FCA0409DB3AE}.Release|Any CPU.Build.0 = Release|Any CPU
		{D708D7C8-AF9B-4AE5-AFEB-FCA0409DB3AE}.Release|x64.ActiveCfg = Release|Any CPU
		{D708D7C8-AF9B-4AE5-AFEB-FCA0409DB3AE}.Release|x64.Build.0 = Release|Any CPU
		{D708D7C8-AF9B-4AE5-AFEB-FCA0409DB3AE}.Release|x86.ActiveCfg = Release|Any CPU
		{D708D7C8-AF9B-4AE5-AFEB-FCA0409DB3AE}.Release|x86.Build.0 = Release|Any CPU
		{523820B7-4EFF-48C1-B3D7-E88831C2ECBB}.Debug|Any CPU.ActiveCfg = Debug|Any CPU
		{523820B7-4EFF-48C1-B3D7-E88831C2ECBB}.Debug|Any CPU.Build.0 = Debug|Any CPU
		{523820B7-4EFF-48C1-B3D7-E88831C2ECBB}.Debug|x64.ActiveCfg = Debug|Any CPU
		{523820B7-4EFF-48C1-B3D7-E88831C2ECBB}.Debug|x64.Build.0 = Debug|Any CPU
		{523820B7-4EFF-48C1-B3D7-E88831C2ECBB}.Debug|x86.ActiveCfg = Debug|Any CPU
		{523820B7-4EFF-48C1-B3D7-E88831C2ECBB}.Debug|x86.Build.0 = Debug|Any CPU
		{523820B7-4EFF-48C1-B3D7-E88831C2ECBB}.Release|Any CPU.ActiveCfg = Release|Any CPU
		{523820B7-4EFF-48C1-B3D7-E88831C2ECBB}.Release|Any CPU.Build.0 = Release|Any CPU
		{523820B7-4EFF-48C1-B3D7-E88831C2ECBB}.Release|x64.ActiveCfg = Release|Any CPU
		{523820B7-4EFF-48C1-B3D7-E88831C2ECBB}.Release|x64.Build.0 = Release|Any CPU
		{523820B7-4EFF-48C1-B3D7-E88831C2ECBB}.Release|x86.ActiveCfg = Release|Any CPU
		{523820B7-4EFF-48C1-B3D7-E88831C2ECBB}.Release|x86.Build.0 = Release|Any CPU
		{68C8C618-952B-B60D-7BF9-71F73447564A}.Debug|Any CPU.ActiveCfg = Debug|Any CPU
		{68C8C618-952B-B60D-7BF9-71F73447564A}.Debug|Any CPU.Build.0 = Debug|Any CPU
		{68C8C618-952B-B60D-7BF9-71F73447564A}.Debug|x64.ActiveCfg = Debug|Any CPU
		{68C8C618-952B-B60D-7BF9-71F73447564A}.Debug|x64.Build.0 = Debug|Any CPU
		{68C8C618-952B-B60D-7BF9-71F73447564A}.Debug|x86.ActiveCfg = Debug|Any CPU
		{68C8C618-952B-B60D-7BF9-71F73447564A}.Debug|x86.Build.0 = Debug|Any CPU
		{68C8C618-952B-B60D-7BF9-71F73447564A}.Release|Any CPU.ActiveCfg = Release|Any CPU
		{68C8C618-952B-B60D-7BF9-71F73447564A}.Release|Any CPU.Build.0 = Release|Any CPU
		{68C8C618-952B-B60D-7BF9-71F73447564A}.Release|x64.ActiveCfg = Release|Any CPU
		{68C8C618-952B-B60D-7BF9-71F73447564A}.Release|x64.Build.0 = Release|Any CPU
		{68C8C618-952B-B60D-7BF9-71F73447564A}.Release|x86.ActiveCfg = Release|Any CPU
		{68C8C618-952B-B60D-7BF9-71F73447564A}.Release|x86.Build.0 = Release|Any CPU
	EndGlobalSection
	GlobalSection(SolutionProperties) = preSolution
		HideSolutionNode = FALSE
	EndGlobalSection
	GlobalSection(NestedProjects) = preSolution
		{A832060A-46C0-4D6C-90AB-757A4DD738A0} = {973384A3-FB4F-4656-94C2-6B1080B861C2}
		{D708D7C8-AF9B-4AE5-AFEB-FCA0409DB3AE} = {973384A3-FB4F-4656-94C2-6B1080B861C2}
		{523820B7-4EFF-48C1-B3D7-E88831C2ECBB} = {973384A3-FB4F-4656-94C2-6B1080B861C2}
	EndGlobalSection
	GlobalSection(ExtensibilityGlobals) = postSolution
		SolutionGuid = {0A97F31B-3DD3-4185-9954-84DF465CCF84}
	EndGlobalSection
EndGlobal
